// !$*UTF8*$!
{
	archiveVersion = 1;
	classes = {
	};
	objectVersion = 55;
	objects = {

/* Begin PBXBuildFile section */
		32335FCF27DC1A390098FAD9 /* ProfileViewController.swift in Sources */ = {isa = PBXBuildFile; fileRef = 32335FCE27DC1A390098FAD9 /* ProfileViewController.swift */; };
		3252080927DA87600062F074 /* AppDelegate.swift in Sources */ = {isa = PBXBuildFile; fileRef = 3252080827DA87600062F074 /* AppDelegate.swift */; };
		3252080B27DA87600062F074 /* SceneDelegate.swift in Sources */ = {isa = PBXBuildFile; fileRef = 3252080A27DA87600062F074 /* SceneDelegate.swift */; };
		3252080D27DA87600062F074 /* ViewController.swift in Sources */ = {isa = PBXBuildFile; fileRef = 3252080C27DA87600062F074 /* ViewController.swift */; };
		3252081027DA87600062F074 /* Main.storyboard in Resources */ = {isa = PBXBuildFile; fileRef = 3252080E27DA87600062F074 /* Main.storyboard */; };
		3252081227DA87610062F074 /* Assets.xcassets in Resources */ = {isa = PBXBuildFile; fileRef = 3252081127DA87610062F074 /* Assets.xcassets */; };
		3252081527DA87610062F074 /* LaunchScreen.storyboard in Resources */ = {isa = PBXBuildFile; fileRef = 3252081327DA87610062F074 /* LaunchScreen.storyboard */; };
		3252082027DA87620062F074 /* Lab3_MitkumarTests.swift in Sources */ = {isa = PBXBuildFile; fileRef = 3252081F27DA87620062F074 /* Lab3_MitkumarTests.swift */; };
		3252082A27DA87620062F074 /* Lab3_MitkumarUITests.swift in Sources */ = {isa = PBXBuildFile; fileRef = 3252082927DA87620062F074 /* Lab3_MitkumarUITests.swift */; };
		3252082C27DA87620062F074 /* Lab3_MitkumarUITestsLaunchTests.swift in Sources */ = {isa = PBXBuildFile; fileRef = 3252082B27DA87620062F074 /* Lab3_MitkumarUITestsLaunchTests.swift */; };
		32577B7F27DBE80E000B61D6 /* LoginViewController.swift in Sources */ = {isa = PBXBuildFile; fileRef = 32577B7E27DBE80E000B61D6 /* LoginViewController.swift */; };
		3267DDD827DABFBD00CE3C5A /* Onboarding.storyboard in Resources */ = {isa = PBXBuildFile; fileRef = 3267DDD727DABFBD00CE3C5A /* Onboarding.storyboard */; };
		3267DDE027DAC0E800CE3C5A /* WalkthroughContentViewController.swift in Sources */ = {isa = PBXBuildFile; fileRef = 3267DDDE27DAC0E800CE3C5A /* WalkthroughContentViewController.swift */; };
		3267DDE127DAC0E800CE3C5A /* WalkthroughPageViewController.swift in Sources */ = {isa = PBXBuildFile; fileRef = 3267DDDF27DAC0E800CE3C5A /* WalkthroughPageViewController.swift */; };
		3267DDE227DAC0E800CE3C5A /* WalkthroughViewController.swift in Sources */ = {isa = PBXBuildFile; fileRef = 3267DDDD27DAC0E800CE3C5A /* WalkthroughViewController.swift */; };
		32D36FFA27DA9FA800FEB0B6 /* Rain.sks in Resources */ = {isa = PBXBuildFile; fileRef = 32D36FF827DA9FA800FEB0B6 /* Rain.sks */; };
		32D36FFB27DA9FA800FEB0B6 /* Assets.xcassets in Resources */ = {isa = PBXBuildFile; fileRef = 32D36FF927DA9FA800FEB0B6 /* Assets.xcassets */; };
		32D36FFD27DAA29D00FEB0B6 /* ParticleSence.swift in Sources */ = {isa = PBXBuildFile; fileRef = 32D36FFC27DAA29D00FEB0B6 /* ParticleSence.swift */; };
		32FBB29C27DC54B800B98B47 /* NotificationViewController.swift in Sources */ = {isa = PBXBuildFile; fileRef = 32FBB29B27DC54B800B98B47 /* NotificationViewController.swift */; };
/* End PBXBuildFile section */

/* Begin PBXContainerItemProxy section */
		3252081C27DA87610062F074 /* PBXContainerItemProxy */ = {
			isa = PBXContainerItemProxy;
			containerPortal = 325207FD27DA87600062F074 /* Project object */;
			proxyType = 1;
			remoteGlobalIDString = 3252080427DA87600062F074;
			remoteInfo = "Lab3-Mitkumar";
		};
		3252082627DA87620062F074 /* PBXContainerItemProxy */ = {
			isa = PBXContainerItemProxy;
			containerPortal = 325207FD27DA87600062F074 /* Project object */;
			proxyType = 1;
			remoteGlobalIDString = 3252080427DA87600062F074;
			remoteInfo = "Lab3-Mitkumar";
		};
/* End PBXContainerItemProxy section */

/* Begin PBXFileReference section */
		32335FCE27DC1A390098FAD9 /* ProfileViewController.swift */ = {isa = PBXFileReference; lastKnownFileType = sourcecode.swift; path = ProfileViewController.swift; sourceTree = "<group>"; };
		3252080527DA87600062F074 /* Lab3-Mitkumar.app */ = {isa = PBXFileReference; explicitFileType = wrapper.application; includeInIndex = 0; path = "Lab3-Mitkumar.app"; sourceTree = BUILT_PRODUCTS_DIR; };
		3252080827DA87600062F074 /* AppDelegate.swift */ = {isa = PBXFileReference; lastKnownFileType = sourcecode.swift; path = AppDelegate.swift; sourceTree = "<group>"; };
		3252080A27DA87600062F074 /* SceneDelegate.swift */ = {isa = PBXFileReference; lastKnownFileType = sourcecode.swift; path = SceneDelegate.swift; sourceTree = "<group>"; };
		3252080C27DA87600062F074 /* ViewController.swift */ = {isa = PBXFileReference; lastKnownFileType = sourcecode.swift; path = ViewController.swift; sourceTree = "<group>"; };
		3252080F27DA87600062F074 /* Base */ = {isa = PBXFileReference; lastKnownFileType = file.storyboard; name = Base; path = Base.lproj/Main.storyboard; sourceTree = "<group>"; };
		3252081127DA87610062F074 /* Assets.xcassets */ = {isa = PBXFileReference; lastKnownFileType = folder.assetcatalog; path = Assets.xcassets; sourceTree = "<group>"; };
		3252081427DA87610062F074 /* Base */ = {isa = PBXFileReference; lastKnownFileType = file.storyboard; name = Base; path = Base.lproj/LaunchScreen.storyboard; sourceTree = "<group>"; };
		3252081627DA87610062F074 /* Info.plist */ = {isa = PBXFileReference; lastKnownFileType = text.plist.xml; path = Info.plist; sourceTree = "<group>"; };
		3252081B27DA87610062F074 /* Lab3-MitkumarTests.xctest */ = {isa = PBXFileReference; explicitFileType = wrapper.cfbundle; includeInIndex = 0; path = "Lab3-MitkumarTests.xctest"; sourceTree = BUILT_PRODUCTS_DIR; };
		3252081F27DA87620062F074 /* Lab3_MitkumarTests.swift */ = {isa = PBXFileReference; lastKnownFileType = sourcecode.swift; path = Lab3_MitkumarTests.swift; sourceTree = "<group>"; };
		3252082527DA87620062F074 /* Lab3-MitkumarUITests.xctest */ = {isa = PBXFileReference; explicitFileType = wrapper.cfbundle; includeInIndex = 0; path = "Lab3-MitkumarUITests.xctest"; sourceTree = BUILT_PRODUCTS_DIR; };
		3252082927DA87620062F074 /* Lab3_MitkumarUITests.swift */ = {isa = PBXFileReference; lastKnownFileType = sourcecode.swift; path = Lab3_MitkumarUITests.swift; sourceTree = "<group>"; };
		3252082B27DA87620062F074 /* Lab3_MitkumarUITestsLaunchTests.swift */ = {isa = PBXFileReference; lastKnownFileType = sourcecode.swift; path = Lab3_MitkumarUITestsLaunchTests.swift; sourceTree = "<group>"; };
		32577B7E27DBE80E000B61D6 /* LoginViewController.swift */ = {isa = PBXFileReference; lastKnownFileType = sourcecode.swift; path = LoginViewController.swift; sourceTree = "<group>"; };
		3267DDD727DABFBD00CE3C5A /* Onboarding.storyboard */ = {isa = PBXFileReference; fileEncoding = 4; lastKnownFileType = file.storyboard; path = Onboarding.storyboard; sourceTree = "<group>"; };
		3267DDDD27DAC0E800CE3C5A /* WalkthroughViewController.swift */ = {isa = PBXFileReference; lastKnownFileType = sourcecode.swift; path = WalkthroughViewController.swift; sourceTree = "<group>"; };
		3267DDDE27DAC0E800CE3C5A /* WalkthroughContentViewController.swift */ = {isa = PBXFileReference; lastKnownFileType = sourcecode.swift; name = WalkthroughContentViewController.swift; path = Controller/WalkthroughContentViewController.swift; sourceTree = "<group>"; };
		3267DDDF27DAC0E800CE3C5A /* WalkthroughPageViewController.swift */ = {isa = PBXFileReference; lastKnownFileType = sourcecode.swift; path = WalkthroughPageViewController.swift; sourceTree = "<group>"; };
		32D36FF827DA9FA800FEB0B6 /* Rain.sks */ = {isa = PBXFileReference; lastKnownFileType = file.sks; path = Rain.sks; sourceTree = "<group>"; };
		32D36FF927DA9FA800FEB0B6 /* Assets.xcassets */ = {isa = PBXFileReference; lastKnownFileType = folder.assetcatalog; name = Assets.xcassets; path = ../Assets.xcassets; sourceTree = "<group>"; };
		32D36FFC27DAA29D00FEB0B6 /* ParticleSence.swift */ = {isa = PBXFileReference; lastKnownFileType = sourcecode.swift; path = ParticleSence.swift; sourceTree = "<group>"; };
		32FBB29B27DC54B800B98B47 /* NotificationViewController.swift */ = {isa = PBXFileReference; lastKnownFileType = sourcecode.swift; path = NotificationViewController.swift; sourceTree = "<group>"; };
/* End PBXFileReference section */

/* Begin PBXFrameworksBuildPhase section */
		3252080227DA87600062F074 /* Frameworks */ = {
			isa = PBXFrameworksBuildPhase;
			buildActionMask = 2147483647;
			files = (
			);
			runOnlyForDeploymentPostprocessing = 0;
		};
		3252081827DA87610062F074 /* Frameworks */ = {
			isa = PBXFrameworksBuildPhase;
			buildActionMask = 2147483647;
			files = (
			);
			runOnlyForDeploymentPostprocessing = 0;
		};
		3252082227DA87620062F074 /* Frameworks */ = {
			isa = PBXFrameworksBuildPhase;
			buildActionMask = 2147483647;
			files = (
			);
			runOnlyForDeploymentPostprocessing = 0;
		};
/* End PBXFrameworksBuildPhase section */

/* Begin PBXGroup section */
		325207FC27DA87600062F074 = {
			isa = PBXGroup;
			children = (
				3252080727DA87600062F074 /* Lab3-Mitkumar */,
				3252081E27DA87620062F074 /* Lab3-MitkumarTests */,
				3252082827DA87620062F074 /* Lab3-MitkumarUITests */,
				3252080627DA87600062F074 /* Products */,
			);
			sourceTree = "<group>";
		};
		3252080627DA87600062F074 /* Products */ = {
			isa = PBXGroup;
			children = (
				3252080527DA87600062F074 /* Lab3-Mitkumar.app */,
				3252081B27DA87610062F074 /* Lab3-MitkumarTests.xctest */,
				3252082527DA87620062F074 /* Lab3-MitkumarUITests.xctest */,
			);
			name = Products;
			sourceTree = "<group>";
		};
		3252080727DA87600062F074 /* Lab3-Mitkumar */ = {
			isa = PBXGroup;
			children = (
				3252080827DA87600062F074 /* AppDelegate.swift */,
				3252080A27DA87600062F074 /* SceneDelegate.swift */,
				32D36FF927DA9FA800FEB0B6 /* Assets.xcassets */,
				3252080C27DA87600062F074 /* ViewController.swift */,
				32D36FF827DA9FA800FEB0B6 /* Rain.sks */,
				3252080E27DA87600062F074 /* Main.storyboard */,
				3267DDDE27DAC0E800CE3C5A /* WalkthroughContentViewController.swift */,
				3267DDDF27DAC0E800CE3C5A /* WalkthroughPageViewController.swift */,
				3267DDDD27DAC0E800CE3C5A /* WalkthroughViewController.swift */,
				3252081127DA87610062F074 /* Assets.xcassets */,
				3267DDD727DABFBD00CE3C5A /* Onboarding.storyboard */,
				3252081327DA87610062F074 /* LaunchScreen.storyboard */,
				3252081627DA87610062F074 /* Info.plist */,
				32D36FFC27DAA29D00FEB0B6 /* ParticleSence.swift */,
				32577B7E27DBE80E000B61D6 /* LoginViewController.swift */,
				32335FCE27DC1A390098FAD9 /* ProfileViewController.swift */,
				32FBB29B27DC54B800B98B47 /* NotificationViewController.swift */,
			);
			path = "Lab3-Mitkumar";
			sourceTree = "<group>";
		};
		3252081E27DA87620062F074 /* Lab3-MitkumarTests */ = {
			isa = PBXGroup;
			children = (
				3252081F27DA87620062F074 /* Lab3_MitkumarTests.swift */,
			);
			path = "Lab3-MitkumarTests";
			sourceTree = "<group>";
		};
		3252082827DA87620062F074 /* Lab3-MitkumarUITests */ = {
			isa = PBXGroup;
			children = (
				3252082927DA87620062F074 /* Lab3_MitkumarUITests.swift */,
				3252082B27DA87620062F074 /* Lab3_MitkumarUITestsLaunchTests.swift */,
			);
			path = "Lab3-MitkumarUITests";
			sourceTree = "<group>";
		};
/* End PBXGroup section */

/* Begin PBXNativeTarget section */
		3252080427DA87600062F074 /* Lab3-Mitkumar */ = {
			isa = PBXNativeTarget;
			buildConfigurationList = 3252082F27DA87620062F074 /* Build configuration list for PBXNativeTarget "Lab3-Mitkumar" */;
			buildPhases = (
				3252080127DA87600062F074 /* Sources */,
				3252080227DA87600062F074 /* Frameworks */,
				3252080327DA87600062F074 /* Resources */,
			);
			buildRules = (
			);
			dependencies = (
			);
			name = "Lab3-Mitkumar";
			productName = "Lab3-Mitkumar";
			productReference = 3252080527DA87600062F074 /* Lab3-Mitkumar.app */;
			productType = "com.apple.product-type.application";
		};
		3252081A27DA87610062F074 /* Lab3-MitkumarTests */ = {
			isa = PBXNativeTarget;
			buildConfigurationList = 3252083227DA87620062F074 /* Build configuration list for PBXNativeTarget "Lab3-MitkumarTests" */;
			buildPhases = (
				3252081727DA87610062F074 /* Sources */,
				3252081827DA87610062F074 /* Frameworks */,
				3252081927DA87610062F074 /* Resources */,
			);
			buildRules = (
			);
			dependencies = (
				3252081D27DA87610062F074 /* PBXTargetDependency */,
			);
			name = "Lab3-MitkumarTests";
			productName = "Lab3-MitkumarTests";
			productReference = 3252081B27DA87610062F074 /* Lab3-MitkumarTests.xctest */;
			productType = "com.apple.product-type.bundle.unit-test";
		};
		3252082427DA87620062F074 /* Lab3-MitkumarUITests */ = {
			isa = PBXNativeTarget;
			buildConfigurationList = 3252083527DA87620062F074 /* Build configuration list for PBXNativeTarget "Lab3-MitkumarUITests" */;
			buildPhases = (
				3252082127DA87620062F074 /* Sources */,
				3252082227DA87620062F074 /* Frameworks */,
				3252082327DA87620062F074 /* Resources */,
			);
			buildRules = (
			);
			dependencies = (
				3252082727DA87620062F074 /* PBXTargetDependency */,
			);
			name = "Lab3-MitkumarUITests";
			productName = "Lab3-MitkumarUITests";
			productReference = 3252082527DA87620062F074 /* Lab3-MitkumarUITests.xctest */;
			productType = "com.apple.product-type.bundle.ui-testing";
		};
/* End PBXNativeTarget section */

/* Begin PBXProject section */
		325207FD27DA87600062F074 /* Project object */ = {
			isa = PBXProject;
			attributes = {
				BuildIndependentTargetsInParallel = 1;
				LastSwiftUpdateCheck = 1320;
				LastUpgradeCheck = 1320;
				TargetAttributes = {
					3252080427DA87600062F074 = {
						CreatedOnToolsVersion = 13.2.1;
					};
					3252081A27DA87610062F074 = {
						CreatedOnToolsVersion = 13.2.1;
						TestTargetID = 3252080427DA87600062F074;
					};
					3252082427DA87620062F074 = {
						CreatedOnToolsVersion = 13.2.1;
						TestTargetID = 3252080427DA87600062F074;
					};
				};
			};
			buildConfigurationList = 3252080027DA87600062F074 /* Build configuration list for PBXProject "Lab3-Mitkumar" */;
			compatibilityVersion = "Xcode 13.0";
			developmentRegion = en;
			hasScannedForEncodings = 0;
			knownRegions = (
				en,
				Base,
			);
			mainGroup = 325207FC27DA87600062F074;
			productRefGroup = 3252080627DA87600062F074 /* Products */;
			projectDirPath = "";
			projectRoot = "";
			targets = (
				3252080427DA87600062F074 /* Lab3-Mitkumar */,
				3252081A27DA87610062F074 /* Lab3-MitkumarTests */,
				3252082427DA87620062F074 /* Lab3-MitkumarUITests */,
			);
		};
/* End PBXProject section */

/* Begin PBXResourcesBuildPhase section */
		3252080327DA87600062F074 /* Resources */ = {
			isa = PBXResourcesBuildPhase;
			buildActionMask = 2147483647;
			files = (
				3252081527DA87610062F074 /* LaunchScreen.storyboard in Resources */,
				32D36FFA27DA9FA800FEB0B6 /* Rain.sks in Resources */,
				3252081227DA87610062F074 /* Assets.xcassets in Resources */,
				3267DDD827DABFBD00CE3C5A /* Onboarding.storyboard in Resources */,
				3252081027DA87600062F074 /* Main.storyboard in Resources */,
				32D36FFB27DA9FA800FEB0B6 /* Assets.xcassets in Resources */,
			);
			runOnlyForDeploymentPostprocessing = 0;
		};
		3252081927DA87610062F074 /* Resources */ = {
			isa = PBXResourcesBuildPhase;
			buildActionMask = 2147483647;
			files = (
			);
			runOnlyForDeploymentPostprocessing = 0;
		};
		3252082327DA87620062F074 /* Resources */ = {
			isa = PBXResourcesBuildPhase;
			buildActionMask = 2147483647;
			files = (
			);
			runOnlyForDeploymentPostprocessing = 0;
		};
/* End PBXResourcesBuildPhase section */

/* Begin PBXSourcesBuildPhase section */
		3252080127DA87600062F074 /* Sources */ = {
			isa = PBXSourcesBuildPhase;
			buildActionMask = 2147483647;
			files = (
				32FBB29C27DC54B800B98B47 /* NotificationViewController.swift in Sources */,
				3267DDE127DAC0E800CE3C5A /* WalkthroughPageViewController.swift in Sources */,
				3267DDE227DAC0E800CE3C5A /* WalkthroughViewController.swift in Sources */,
				32D36FFD27DAA29D00FEB0B6 /* ParticleSence.swift in Sources */,
				3252080D27DA87600062F074 /* ViewController.swift in Sources */,
				32577B7F27DBE80E000B61D6 /* LoginViewController.swift in Sources */,
				3252080927DA87600062F074 /* AppDelegate.swift in Sources */,
				32335FCF27DC1A390098FAD9 /* ProfileViewController.swift in Sources */,
				3267DDE027DAC0E800CE3C5A /* WalkthroughContentViewController.swift in Sources */,
				3252080B27DA87600062F074 /* SceneDelegate.swift in Sources */,
			);
			runOnlyForDeploymentPostprocessing = 0;
		};
		3252081727DA87610062F074 /* Sources */ = {
			isa = PBXSourcesBuildPhase;
			buildActionMask = 2147483647;
			files = (
				3252082027DA87620062F074 /* Lab3_MitkumarTests.swift in Sources */,
			);
			runOnlyForDeploymentPostprocessing = 0;
		};
		3252082127DA87620062F074 /* Sources */ = {
			isa = PBXSourcesBuildPhase;
			buildActionMask = 2147483647;
			files = (
				3252082C27DA87620062F074 /* Lab3_MitkumarUITestsLaunchTests.swift in Sources */,
				3252082A27DA87620062F074 /* Lab3_MitkumarUITests.swift in Sources */,
			);
			runOnlyForDeploymentPostprocessing = 0;
		};
/* End PBXSourcesBuildPhase section */

/* Begin PBXTargetDependency section */
		3252081D27DA87610062F074 /* PBXTargetDependency */ = {
			isa = PBXTargetDependency;
			target = 3252080427DA87600062F074 /* Lab3-Mitkumar */;
			targetProxy = 3252081C27DA87610062F074 /* PBXContainerItemProxy */;
		};
		3252082727DA87620062F074 /* PBXTargetDependency */ = {
			isa = PBXTargetDependency;
			target = 3252080427DA87600062F074 /* Lab3-Mitkumar */;
			targetProxy = 3252082627DA87620062F074 /* PBXContainerItemProxy */;
		};
/* End PBXTargetDependency section */

/* Begin PBXVariantGroup section */
		3252080E27DA87600062F074 /* Main.storyboard */ = {
			isa = PBXVariantGroup;
			children = (
				3252080F27DA87600062F074 /* Base */,
			);
			name = Main.storyboard;
			sourceTree = "<group>";
		};
		3252081327DA87610062F074 /* LaunchScreen.storyboard */ = {
			isa = PBXVariantGroup;
			children = (
				3252081427DA87610062F074 /* Base */,
			);
			name = LaunchScreen.storyboard;
			sourceTree = "<group>";
		};
/* End PBXVariantGroup section */

/* Begin XCBuildConfiguration section */
		3252082D27DA87620062F074 /* Debug */ = {
			isa = XCBuildConfiguration;
			buildSettings = {
				ALWAYS_SEARCH_USER_PATHS = NO;
				CLANG_ANALYZER_NONNULL = YES;
				CLANG_ANALYZER_NUMBER_OBJECT_CONVERSION = YES_AGGRESSIVE;
				CLANG_CXX_LANGUAGE_STANDARD = "gnu++17";
				CLANG_CXX_LIBRARY = "libc++";
				CLANG_ENABLE_MODULES = YES;
				CLANG_ENABLE_OBJC_ARC = YES;
				CLANG_ENABLE_OBJC_WEAK = YES;
				CLANG_WARN_BLOCK_CAPTURE_AUTORELEASING = YES;
				CLANG_WARN_BOOL_CONVERSION = YES;
				CLANG_WARN_COMMA = YES;
				CLANG_WARN_CONSTANT_CONVERSION = YES;
				CLANG_WARN_DEPRECATED_OBJC_IMPLEMENTATIONS = YES;
				CLANG_WARN_DIRECT_OBJC_ISA_USAGE = YES_ERROR;
				CLANG_WARN_DOCUMENTATION_COMMENTS = YES;
				CLANG_WARN_EMPTY_BODY = YES;
				CLANG_WARN_ENUM_CONVERSION = YES;
				CLANG_WARN_INFINITE_RECURSION = YES;
				CLANG_WARN_INT_CONVERSION = YES;
				CLANG_WARN_NON_LITERAL_NULL_CONVERSION = YES;
				CLANG_WARN_OBJC_IMPLICIT_RETAIN_SELF = YES;
				CLANG_WARN_OBJC_LITERAL_CONVERSION = YES;
				CLANG_WARN_OBJC_ROOT_CLASS = YES_ERROR;
				CLANG_WARN_QUOTED_INCLUDE_IN_FRAMEWORK_HEADER = YES;
				CLANG_WARN_RANGE_LOOP_ANALYSIS = YES;
				CLANG_WARN_STRICT_PROTOTYPES = YES;
				CLANG_WARN_SUSPICIOUS_MOVE = YES;
				CLANG_WARN_UNGUARDED_AVAILABILITY = YES_AGGRESSIVE;
				CLANG_WARN_UNREACHABLE_CODE = YES;
				CLANG_WARN__DUPLICATE_METHOD_MATCH = YES;
				COPY_PHASE_STRIP = NO;
				DEBUG_INFORMATION_FORMAT = dwarf;
				ENABLE_STRICT_OBJC_MSGSEND = YES;
				ENABLE_TESTABILITY = YES;
				GCC_C_LANGUAGE_STANDARD = gnu11;
				GCC_DYNAMIC_NO_PIC = NO;
				GCC_NO_COMMON_BLOCKS = YES;
				GCC_OPTIMIZATION_LEVEL = 0;
				GCC_PREPROCESSOR_DEFINITIONS = (
					"DEBUG=1",
					"$(inherited)",
				);
				GCC_WARN_64_TO_32_BIT_CONVERSION = YES;
				GCC_WARN_ABOUT_RETURN_TYPE = YES_ERROR;
				GCC_WARN_UNDECLARED_SELECTOR = YES;
				GCC_WARN_UNINITIALIZED_AUTOS = YES_AGGRESSIVE;
				GCC_WARN_UNUSED_FUNCTION = YES;
				GCC_WARN_UNUSED_VARIABLE = YES;
				IPHONEOS_DEPLOYMENT_TARGET = 15.2;
				MTL_ENABLE_DEBUG_INFO = INCLUDE_SOURCE;
				MTL_FAST_MATH = YES;
				ONLY_ACTIVE_ARCH = YES;
				SDKROOT = iphoneos;
				SWIFT_ACTIVE_COMPILATION_CONDITIONS = DEBUG;
				SWIFT_OPTIMIZATION_LEVEL = "-Onone";
			};
			name = Debug;
		};
		3252082E27DA87620062F074 /* Release */ = {
			isa = XCBuildConfiguration;
			buildSettings = {
				ALWAYS_SEARCH_USER_PATHS = NO;
				CLANG_ANALYZER_NONNULL = YES;
				CLANG_ANALYZER_NUMBER_OBJECT_CONVERSION = YES_AGGRESSIVE;
				CLANG_CXX_LANGUAGE_STANDARD = "gnu++17";
				CLANG_CXX_LIBRARY = "libc++";
				CLANG_ENABLE_MODULES = YES;
				CLANG_ENABLE_OBJC_ARC = YES;
				CLANG_ENABLE_OBJC_WEAK = YES;
				CLANG_WARN_BLOCK_CAPTURE_AUTORELEASING = YES;
				CLANG_WARN_BOOL_CONVERSION = YES;
				CLANG_WARN_COMMA = YES;
				CLANG_WARN_CONSTANT_CONVERSION = YES;
				CLANG_WARN_DEPRECATED_OBJC_IMPLEMENTATIONS = YES;
				CLANG_WARN_DIRECT_OBJC_ISA_USAGE = YES_ERROR;
				CLANG_WARN_DOCUMENTATION_COMMENTS = YES;
				CLANG_WARN_EMPTY_BODY = YES;
				CLANG_WARN_ENUM_CONVERSION = YES;
				CLANG_WARN_INFINITE_RECURSION = YES;
				CLANG_WARN_INT_CONVERSION = YES;
				CLANG_WARN_NON_LITERAL_NULL_CONVERSION = YES;
				CLANG_WARN_OBJC_IMPLICIT_RETAIN_SELF = YES;
				CLANG_WARN_OBJC_LITERAL_CONVERSION = YES;
				CLANG_WARN_OBJC_ROOT_CLASS = YES_ERROR;
				CLANG_WARN_QUOTED_INCLUDE_IN_FRAMEWORK_HEADER = YES;
				CLANG_WARN_RANGE_LOOP_ANALYSIS = YES;
				CLANG_WARN_STRICT_PROTOTYPES = YES;
				CLANG_WARN_SUSPICIOUS_MOVE = YES;
				CLANG_WARN_UNGUARDED_AVAILABILITY = YES_AGGRESSIVE;
				CLANG_WARN_UNREACHABLE_CODE = YES;
				CLANG_WARN__DUPLICATE_METHOD_MATCH = YES;
				COPY_PHASE_STRIP = NO;
				DEBUG_INFORMATION_FORMAT = "dwarf-with-dsym";
				ENABLE_NS_ASSERTIONS = NO;
				ENABLE_STRICT_OBJC_MSGSEND = YES;
				GCC_C_LANGUAGE_STANDARD = gnu11;
				GCC_NO_COMMON_BLOCKS = YES;
				GCC_WARN_64_TO_32_BIT_CONVERSION = YES;
				GCC_WARN_ABOUT_RETURN_TYPE = YES_ERROR;
				GCC_WARN_UNDECLARED_SELECTOR = YES;
				GCC_WARN_UNINITIALIZED_AUTOS = YES_AGGRESSIVE;
				GCC_WARN_UNUSED_FUNCTION = YES;
				GCC_WARN_UNUSED_VARIABLE = YES;
				IPHONEOS_DEPLOYMENT_TARGET = 15.2;
				MTL_ENABLE_DEBUG_INFO = NO;
				MTL_FAST_MATH = YES;
				SDKROOT = iphoneos;
				SWIFT_COMPILATION_MODE = wholemodule;
				SWIFT_OPTIMIZATION_LEVEL = "-O";
				VALIDATE_PRODUCT = YES;
			};
			name = Release;
		};
		3252083027DA87620062F074 /* Debug */ = {
			isa = XCBuildConfiguration;
			buildSettings = {
				ASSETCATALOG_COMPILER_APPICON_NAME = AppIcon;
				ASSETCATALOG_COMPILER_GLOBAL_ACCENT_COLOR_NAME = AccentColor;
				CODE_SIGN_STYLE = Automatic;
				CURRENT_PROJECT_VERSION = 1;
				GENERATE_INFOPLIST_FILE = YES;
				INFOPLIST_FILE = "Lab3-Mitkumar/Info.plist";
				INFOPLIST_KEY_UIApplicationSupportsIndirectInputEvents = YES;
				INFOPLIST_KEY_UILaunchStoryboardName = LaunchScreen;
				INFOPLIST_KEY_UIMainStoryboardFile = Main;
				INFOPLIST_KEY_UISupportedInterfaceOrientations_iPad = "UIInterfaceOrientationPortrait UIInterfaceOrientationPortraitUpsideDown UIInterfaceOrientationLandscapeLeft UIInterfaceOrientationLandscapeRight";
				INFOPLIST_KEY_UISupportedInterfaceOrientations_iPhone = "UIInterfaceOrientationPortrait UIInterfaceOrientationLandscapeLeft UIInterfaceOrientationLandscapeRight";
				LD_RUNPATH_SEARCH_PATHS = (
					"$(inherited)",
					"@executable_path/Frameworks",
				);
				MARKETING_VERSION = 1.0;
				PRODUCT_BUNDLE_IDENTIFIER = "mitpatel.Lab3-Mitkumar";
				PRODUCT_NAME = "$(TARGET_NAME)";
				SWIFT_EMIT_LOC_STRINGS = YES;
				SWIFT_VERSION = 5.0;
				TARGETED_DEVICE_FAMILY = "1,2";
			};
			name = Debug;
		};
		3252083127DA87620062F074 /* Release */ = {
			isa = XCBuildConfiguration;
			buildSettings = {
				ASSETCATALOG_COMPILER_APPICON_NAME = AppIcon;
				ASSETCATALOG_COMPILER_GLOBAL_ACCENT_COLOR_NAME = AccentColor;
				CODE_SIGN_STYLE = Automatic;
				CURRENT_PROJECT_VERSION = 1;
				GENERATE_INFOPLIST_FILE = YES;
				INFOPLIST_FILE = "Lab3-Mitkumar/Info.plist";
				INFOPLIST_KEY_UIApplicationSupportsIndirectInputEvents = YES;
				INFOPLIST_KEY_UILaunchStoryboardName = LaunchScreen;
				INFOPLIST_KEY_UIMainStoryboardFile = Main;
				INFOPLIST_KEY_UISupportedInterfaceOrientations_iPad = "UIInterfaceOrientationPortrait UIInterfaceOrientationPortraitUpsideDown UIInterfaceOrientationLandscapeLeft UIInterfaceOrientationLandscapeRight";
				INFOPLIST_KEY_UISupportedInterfaceOrientations_iPhone = "UIInterfaceOrientationPortrait UIInterfaceOrientationLandscapeLeft UIInterfaceOrientationLandscapeRight";
				LD_RUNPATH_SEARCH_PATHS = (
					"$(inherited)",
					"@executable_path/Frameworks",
				);
				MARKETING_VERSION = 1.0;
				PRODUCT_BUNDLE_IDENTIFIER = "mitpatel.Lab3-Mitkumar";
				PRODUCT_NAME = "$(TARGET_NAME)";
				SWIFT_EMIT_LOC_STRINGS = YES;
				SWIFT_VERSION = 5.0;
				TARGETED_DEVICE_FAMILY = "1,2";
			};
			name = Release;
		};
		3252083327DA87620062F074 /* Debug */ = {
			isa = XCBuildConfiguration;
			buildSettings = {
				ALWAYS_EMBED_SWIFT_STANDARD_LIBRARIES = YES;
				BUNDLE_LOADER = "$(TEST_HOST)";
				CODE_SIGN_STYLE = Automatic;
				CURRENT_PROJECT_VERSION = 1;
				GENERATE_INFOPLIST_FILE = YES;
				IPHONEOS_DEPLOYMENT_TARGET = 15.2;
				MARKETING_VERSION = 1.0;
				PRODUCT_BUNDLE_IDENTIFIER = "mitpatel.Lab3-MitkumarTests";
				PRODUCT_NAME = "$(TARGET_NAME)";
				SWIFT_EMIT_LOC_STRINGS = NO;
				SWIFT_VERSION = 5.0;
				TARGETED_DEVICE_FAMILY = "1,2";
				TEST_HOST = "$(BUILT_PRODUCTS_DIR)/Lab3-Mitkumar.app/Lab3-Mitkumar";
			};
			name = Debug;
		};
		3252083427DA87620062F074 /* Release */ = {
			isa = XCBuildConfiguration;
			buildSettings = {
				ALWAYS_EMBED_SWIFT_STANDARD_LIBRARIES = YES;
				BUNDLE_LOADER = "$(TEST_HOST)";
				CODE_SIGN_STYLE = Automatic;
				CURRENT_PROJECT_VERSION = 1;
				GENERATE_INFOPLIST_FILE = YES;
				IPHONEOS_DEPLOYMENT_TARGET = 15.2;
				MARKETING_VERSION = 1.0;
				PRODUCT_BUNDLE_IDENTIFIER = "mitpatel.Lab3-MitkumarTests";
				PRODUCT_NAME = "$(TARGET_NAME)";
				SWIFT_EMIT_LOC_STRINGS = NO;
				SWIFT_VERSION = 5.0;
				TARGETED_DEVICE_FAMILY = "1,2";
				TEST_HOST = "$(BUILT_PRODUCTS_DIR)/Lab3-Mitkumar.app/Lab3-Mitkumar";
			};
			name = Release;
		};
		3252083627DA87620062F074 /* Debug */ = {
			isa = XCBuildConfiguration;
			buildSettings = {
				ALWAYS_EMBED_SWIFT_STANDARD_LIBRARIES = YES;
				CODE_SIGN_STYLE = Automatic;
				CURRENT_PROJECT_VERSION = 1;
				GENERATE_INFOPLIST_FILE = YES;
				MARKETING_VERSION = 1.0;
				PRODUCT_BUNDLE_IDENTIFIER = "mitpatel.Lab3-MitkumarUITests";
				PRODUCT_NAME = "$(TARGET_NAME)";
				SWIFT_EMIT_LOC_STRINGS = NO;
				SWIFT_VERSION = 5.0;
				TARGETED_DEVICE_FAMILY = "1,2";
				TEST_TARGET_NAME = "Lab3-Mitkumar";
			};
			name = Debug;
		};
		3252083727DA87620062F074 /* Release */ = {
			isa = XCBuildConfiguration;
			buildSettings = {
				ALWAYS_EMBED_SWIFT_STANDARD_LIBRARIES = YES;
				CODE_SIGN_STYLE = Automatic;
				CURRENT_PROJECT_VERSION = 1;
				GENERATE_INFOPLIST_FILE = YES;
				MARKETING_VERSION = 1.0;
				PRODUCT_BUNDLE_IDENTIFIER = "mitpatel.Lab3-MitkumarUITests";
				PRODUCT_NAME = "$(TARGET_NAME)";
				SWIFT_EMIT_LOC_STRINGS = NO;
				SWIFT_VERSION = 5.0;
				TARGETED_DEVICE_FAMILY = "1,2";
				TEST_TARGET_NAME = "Lab3-Mitkumar";
			};
			name = Release;
		};
/* End XCBuildConfiguration section */

/* Begin XCConfigurationList section */
		3252080027DA87600062F074 /* Build configuration list for PBXProject "Lab3-Mitkumar" */ = {
			isa = XCConfigurationList;
			buildConfigurations = (
				3252082D27DA87620062F074 /* Debug */,
				3252082E27DA87620062F074 /* Release */,
			);
			defaultConfigurationIsVisible = 0;
			defaultConfigurationName = Release;
		};
		3252082F27DA87620062F074 /* Build configuration list for PBXNativeTarget "Lab3-Mitkumar" */ = {
			isa = XCConfigurationList;
			buildConfigurations = (
				3252083027DA87620062F074 /* Debug */,
				3252083127DA87620062F074 /* Release */,
			);
			defaultConfigurationIsVisible = 0;
			defaultConfigurationName = Release;
		};
		3252083227DA87620062F074 /* Build configuration list for PBXNativeTarget "Lab3-MitkumarTests" */ = {
			isa = XCConfigurationList;
			buildConfigurations = (
				3252083327DA87620062F074 /* Debug */,
				3252083427DA87620062F074 /* Release */,
			);
			defaultConfigurationIsVisible = 0;
			defaultConfigurationName = Release;
		};
		3252083527DA87620062F074 /* Build configuration list for PBXNativeTarget "Lab3-MitkumarUITests" */ = {
			isa = XCConfigurationList;
			buildConfigurations = (
				3252083627DA87620062F074 /* Debug */,
				3252083727DA87620062F074 /* Release */,
			);
			defaultConfigurationIsVisible = 0;
			defaultConfigurationName = Release;
		};
/* End XCConfigurationList section */
	};
	rootObject = 325207FD27DA87600062F074 /* Project object */;
}
